
Microsoft Visual Studio Solution File, Format Version 12.00
# Visual Studio 14
VisualStudioVersion = 14.0.23107.0
MinimumVisualStudioVersion = 10.0.40219.1
Project("{8BC9CEB8-8B4A-11D0-8D11-00A0C91BC942}") = "raaIDFramework", "raaIDFramework\raaIDFramework.vcxproj", "{4C6C49B3-1106-4199-BD05-3E31A4BDA35C}"
EndProject
Project("{8BC9CEB8-8B4A-11D0-8D11-00A0C91BC942}") = "raaDLLTemplate", "raaDLLTemplate\raaDLLTemplate.vcxproj", "{148C28B9-4F31-4468-9867-10567AA93D66}"
EndProject
Project("{FAE04EC0-301F-11D3-BF4B-00C04F79EFBC}") = "raaDLLTemplateWizard", "raaDLLTemplateWizard\raaDLLTemplateWizard.csproj", "{D6FD8B5F-9509-4360-98D9-0D1691380633}"
EndProject
Project("{8BC9CEB8-8B4A-11D0-8D11-00A0C91BC942}") = "raaIDDataManager", "raaIDDataManager\raaIDDataManager.vcxproj", "{3D40F097-451B-42A7-93F6-C622B19366FC}"
EndProject
Project("{8BC9CEB8-8B4A-11D0-8D11-00A0C91BC942}") = "raaIDCore", "raaIDCore\raaIDCore.vcxproj", "{3ACC8DEA-944B-448D-9AA3-13B9879B8C6C}"
EndProject
Project("{8BC9CEB8-8B4A-11D0-8D11-00A0C91BC942}") = "raaClassTemplate", "raaClassTemplate\raaClassTemplate.vcxproj", "{8074F028-A149-4989-A416-E077B7368D58}"
EndProject
Project("{FAE04EC0-301F-11D3-BF4B-00C04F79EFBC}") = "raaClassTemplateWizard", "raaClassTemplateWizard\raaClassTemplateWizard.csproj", "{198F2B24-7C04-4ABE-865F-3688BEB75A51}"
EndProject
Project("{8BC9CEB8-8B4A-11D0-8D11-00A0C91BC942}") = "raaUtilities", "raaUtilities\raaUtilities.vcxproj", "{6AEE8230-DEA0-499A-8E87-0F821F53195C}"
EndProject
Project("{8BC9CEB8-8B4A-11D0-8D11-00A0C91BC942}") = "raaIDPluginManager", "raaIDPluginManager\raaIDPluginManager.vcxproj", "{B22CB6D4-5FF9-44A1-BD64-38B1B5E45EE0}"
	ProjectSection(ProjectDependencies) = postProject
		{6AEE8230-DEA0-499A-8E87-0F821F53195C} = {6AEE8230-DEA0-499A-8E87-0F821F53195C}
	EndProjectSection
EndProject
Project("{8BC9CEB8-8B4A-11D0-8D11-00A0C91BC942}") = "raaTestPlugin", "raaTestPlugin\raaTestPlugin.vcxproj", "{1029B401-D962-4A6D-A97F-1E16CF116EF4}"
	ProjectSection(ProjectDependencies) = postProject
		{B22CB6D4-5FF9-44A1-BD64-38B1B5E45EE0} = {B22CB6D4-5FF9-44A1-BD64-38B1B5E45EE0}
	EndProjectSection
EndProject
Project("{8BC9CEB8-8B4A-11D0-8D11-00A0C91BC942}") = "raaIDInterfaces", "raaIDInterfaces\raaIDInterfaces.vcxproj", "{007E013E-7A34-47F4-A3F1-82ACABFE901C}"
EndProject
Global
	GlobalSection(SolutionConfigurationPlatforms) = preSolution
		Debug|Any CPU = Debug|Any CPU
		Debug|x64 = Debug|x64
		Debug|x86 = Debug|x86
		Release|Any CPU = Release|Any CPU
		Release|x64 = Release|x64
		Release|x86 = Release|x86
	EndGlobalSection
	GlobalSection(ProjectConfigurationPlatforms) = postSolution
		{4C6C49B3-1106-4199-BD05-3E31A4BDA35C}.Debug|Any CPU.ActiveCfg = Debug|Win32
		{4C6C49B3-1106-4199-BD05-3E31A4BDA35C}.Debug|x64.ActiveCfg = Debug|x64
		{4C6C49B3-1106-4199-BD05-3E31A4BDA35C}.Debug|x64.Build.0 = Debug|x64
		{4C6C49B3-1106-4199-BD05-3E31A4BDA35C}.Debug|x86.ActiveCfg = Debug|Win32
		{4C6C49B3-1106-4199-BD05-3E31A4BDA35C}.Debug|x86.Build.0 = Debug|Win32
		{4C6C49B3-1106-4199-BD05-3E31A4BDA35C}.Release|Any CPU.ActiveCfg = Release|Win32
		{4C6C49B3-1106-4199-BD05-3E31A4BDA35C}.Release|x64.ActiveCfg = Release|x64
		{4C6C49B3-1106-4199-BD05-3E31A4BDA35C}.Release|x64.Build.0 = Release|x64
		{4C6C49B3-1106-4199-BD05-3E31A4BDA35C}.Release|x86.ActiveCfg = Release|Win32
		{4C6C49B3-1106-4199-BD05-3E31A4BDA35C}.Release|x86.Build.0 = Release|Win32
		{148C28B9-4F31-4468-9867-10567AA93D66}.Debug|Any CPU.ActiveCfg = Debug|Win32
		{148C28B9-4F31-4468-9867-10567AA93D66}.Debug|x64.ActiveCfg = Debug|x64
		{148C28B9-4F31-4468-9867-10567AA93D66}.Debug|x64.Build.0 = Debug|x64
		{148C28B9-4F31-4468-9867-10567AA93D66}.Debug|x86.ActiveCfg = Debug|Win32
		{148C28B9-4F31-4468-9867-10567AA93D66}.Debug|x86.Build.0 = Debug|Win32
		{148C28B9-4F31-4468-9867-10567AA93D66}.Release|Any CPU.ActiveCfg = Release|Win32
		{148C28B9-4F31-4468-9867-10567AA93D66}.Release|x64.ActiveCfg = Release|x64
		{148C28B9-4F31-4468-9867-10567AA93D66}.Release|x64.Build.0 = Release|x64
		{148C28B9-4F31-4468-9867-10567AA93D66}.Release|x86.ActiveCfg = Release|Win32
		{148C28B9-4F31-4468-9867-10567AA93D66}.Release|x86.Build.0 = Release|Win32
		{D6FD8B5F-9509-4360-98D9-0D1691380633}.Debug|Any CPU.ActiveCfg = Debug|Any CPU
		{D6FD8B5F-9509-4360-98D9-0D1691380633}.Debug|Any CPU.Build.0 = Debug|Any CPU
		{D6FD8B5F-9509-4360-98D9-0D1691380633}.Debug|x64.ActiveCfg = Debug|Any CPU
		{D6FD8B5F-9509-4360-98D9-0D1691380633}.Debug|x64.Build.0 = Debug|Any CPU
		{D6FD8B5F-9509-4360-98D9-0D1691380633}.Debug|x86.ActiveCfg = Debug|Any CPU
		{D6FD8B5F-9509-4360-98D9-0D1691380633}.Debug|x86.Build.0 = Debug|Any CPU
		{D6FD8B5F-9509-4360-98D9-0D1691380633}.Release|Any CPU.ActiveCfg = Release|Any CPU
		{D6FD8B5F-9509-4360-98D9-0D1691380633}.Release|Any CPU.Build.0 = Release|Any CPU
		{D6FD8B5F-9509-4360-98D9-0D1691380633}.Release|x64.ActiveCfg = Release|Any CPU
		{D6FD8B5F-9509-4360-98D9-0D1691380633}.Release|x64.Build.0 = Release|Any CPU
		{D6FD8B5F-9509-4360-98D9-0D1691380633}.Release|x86.ActiveCfg = Release|Any CPU
		{D6FD8B5F-9509-4360-98D9-0D1691380633}.Release|x86.Build.0 = Release|Any CPU
		{3D40F097-451B-42A7-93F6-C622B19366FC}.Debug|Any CPU.ActiveCfg = Debug|Win32
		{3D40F097-451B-42A7-93F6-C622B19366FC}.Debug|x64.ActiveCfg = Debug|x64
		{3D40F097-451B-42A7-93F6-C622B19366FC}.Debug|x64.Build.0 = Debug|x64
		{3D40F097-451B-42A7-93F6-C622B19366FC}.Debug|x86.ActiveCfg = Debug|Win32
		{3D40F097-451B-42A7-93F6-C622B19366FC}.Debug|x86.Build.0 = Debug|Win32
		{3D40F097-451B-42A7-93F6-C622B19366FC}.Release|Any CPU.ActiveCfg = Release|Win32
		{3D40F097-451B-42A7-93F6-C622B19366FC}.Release|x64.ActiveCfg = Release|x64
		{3D40F097-451B-42A7-93F6-C622B19366FC}.Release|x64.Build.0 = Release|x64
		{3D40F097-451B-42A7-93F6-C622B19366FC}.Release|x86.ActiveCfg = Release|Win32
		{3D40F097-451B-42A7-93F6-C622B19366FC}.Release|x86.Build.0 = Release|Win32
		{3ACC8DEA-944B-448D-9AA3-13B9879B8C6C}.Debug|Any CPU.ActiveCfg = Debug|Win32
		{3ACC8DEA-944B-448D-9AA3-13B9879B8C6C}.Debug|x64.ActiveCfg = Debug|x64
		{3ACC8DEA-944B-448D-9AA3-13B9879B8C6C}.Debug|x64.Build.0 = Debug|x64
		{3ACC8DEA-944B-448D-9AA3-13B9879B8C6C}.Debug|x86.ActiveCfg = Debug|Win32
		{3ACC8DEA-944B-448D-9AA3-13B9879B8C6C}.Debug|x86.Build.0 = Debug|Win32
		{3ACC8DEA-944B-448D-9AA3-13B9879B8C6C}.Release|Any CPU.ActiveCfg = Release|Win32
		{3ACC8DEA-944B-448D-9AA3-13B9879B8C6C}.Release|x64.ActiveCfg = Release|x64
		{3ACC8DEA-944B-448D-9AA3-13B9879B8C6C}.Release|x64.Build.0 = Release|x64
		{3ACC8DEA-944B-448D-9AA3-13B9879B8C6C}.Release|x86.ActiveCfg = Release|Win32
		{3ACC8DEA-944B-448D-9AA3-13B9879B8C6C}.Release|x86.Build.0 = Release|Win32
		{8074F028-A149-4989-A416-E077B7368D58}.Debug|Any CPU.ActiveCfg = Debug|Win32
		{8074F028-A149-4989-A416-E077B7368D58}.Debug|x64.ActiveCfg = Debug|x64
		{8074F028-A149-4989-A416-E077B7368D58}.Debug|x64.Build.0 = Debug|x64
		{8074F028-A149-4989-A416-E077B7368D58}.Debug|x86.ActiveCfg = Debug|Win32
		{8074F028-A149-4989-A416-E077B7368D58}.Debug|x86.Build.0 = Debug|Win32
		{8074F028-A149-4989-A416-E077B7368D58}.Release|Any CPU.ActiveCfg = Release|Win32
		{8074F028-A149-4989-A416-E077B7368D58}.Release|x64.ActiveCfg = Release|x64
		{8074F028-A149-4989-A416-E077B7368D58}.Release|x64.Build.0 = Release|x64
		{8074F028-A149-4989-A416-E077B7368D58}.Release|x86.ActiveCfg = Release|Win32
		{8074F028-A149-4989-A416-E077B7368D58}.Release|x86.Build.0 = Release|Win32
		{198F2B24-7C04-4ABE-865F-3688BEB75A51}.Debug|Any CPU.ActiveCfg = Debug|Any CPU
		{198F2B24-7C04-4ABE-865F-3688BEB75A51}.Debug|Any CPU.Build.0 = Debug|Any CPU
		{198F2B24-7C04-4ABE-865F-3688BEB75A51}.Debug|x64.ActiveCfg = Debug|Any CPU
		{198F2B24-7C04-4ABE-865F-3688BEB75A51}.Debug|x64.Build.0 = Debug|Any CPU
		{198F2B24-7C04-4ABE-865F-3688BEB75A51}.Debug|x86.ActiveCfg = Debug|Any CPU
		{198F2B24-7C04-4ABE-865F-3688BEB75A51}.Debug|x86.Build.0 = Debug|Any CPU
		{198F2B24-7C04-4ABE-865F-3688BEB75A51}.Release|Any CPU.ActiveCfg = Release|Any CPU
		{198F2B24-7C04-4ABE-865F-3688BEB75A51}.Release|Any CPU.Build.0 = Release|Any CPU
		{198F2B24-7C04-4ABE-865F-3688BEB75A51}.Release|x64.ActiveCfg = Release|Any CPU
		{198F2B24-7C04-4ABE-865F-3688BEB75A51}.Release|x64.Build.0 = Release|Any CPU
		{198F2B24-7C04-4ABE-865F-3688BEB75A51}.Release|x86.ActiveCfg = Release|Any CPU
		{198F2B24-7C04-4ABE-865F-3688BEB75A51}.Release|x86.Build.0 = Release|Any CPU
		{6AEE8230-DEA0-499A-8E87-0F821F53195C}.Debug|Any CPU.ActiveCfg = Debug|Win32
		{6AEE8230-DEA0-499A-8E87-0F821F53195C}.Debug|x64.ActiveCfg = Debug|x64
		{6AEE8230-DEA0-499A-8E87-0F821F53195C}.Debug|x64.Build.0 = Debug|x64
		{6AEE8230-DEA0-499A-8E87-0F821F53195C}.Debug|x86.ActiveCfg = Debug|Win32
		{6AEE8230-DEA0-499A-8E87-0F821F53195C}.Debug|x86.Build.0 = Debug|Win32
		{6AEE8230-DEA0-499A-8E87-0F821F53195C}.Release|Any CPU.ActiveCfg = Release|Win32
		{6AEE8230-DEA0-499A-8E87-0F821F53195C}.Release|x64.ActiveCfg = Release|x64
		{6AEE8230-DEA0-499A-8E87-0F821F53195C}.Release|x64.Build.0 = Release|x64
		{6AEE8230-DEA0-499A-8E87-0F821F53195C}.Release|x86.ActiveCfg = Release|Win32
		{6AEE8230-DEA0-499A-8E87-0F821F53195C}.Release|x86.Build.0 = Release|Win32
		{B22CB6D4-5FF9-44A1-BD64-38B1B5E45EE0}.Debug|Any CPU.ActiveCfg = Debug|Win32
		{B22CB6D4-5FF9-44A1-BD64-38B1B5E45EE0}.Debug|x64.ActiveCfg = Debug|x64
		{B22CB6D4-5FF9-44A1-BD64-38B1B5E45EE0}.Debug|x64.Build.0 = Debug|x64
		{B22CB6D4-5FF9-44A1-BD64-38B1B5E45EE0}.Debug|x86.ActiveCfg = Debug|Win32
		{B22CB6D4-5FF9-44A1-BD64-38B1B5E45EE0}.Debug|x86.Build.0 = Debug|Win32
		{B22CB6D4-5FF9-44A1-BD64-38B1B5E45EE0}.Release|Any CPU.ActiveCfg = Release|Win32
		{B22CB6D4-5FF9-44A1-BD64-38B1B5E45EE0}.Release|x64.ActiveCfg = Release|x64
		{B22CB6D4-5FF9-44A1-BD64-38B1B5E45EE0}.Release|x64.Build.0 = Release|x64
		{B22CB6D4-5FF9-44A1-BD64-38B1B5E45EE0}.Release|x86.ActiveCfg = Release|Win32
		{B22CB6D4-5FF9-44A1-BD64-38B1B5E45EE0}.Release|x86.Build.0 = Release|Win32
		{1029B401-D962-4A6D-A97F-1E16CF116EF4}.Debug|Any CPU.ActiveCfg = Debug|Win32
		{1029B401-D962-4A6D-A97F-1E16CF116EF4}.Debug|x64.ActiveCfg = Debug|x64
		{1029B401-D962-4A6D-A97F-1E16CF116EF4}.Debug|x64.Build.0 = Debug|x64
		{1029B401-D962-4A6D-A97F-1E16CF116EF4}.Debug|x86.ActiveCfg = Debug|Win32
		{1029B401-D962-4A6D-A97F-1E16CF116EF4}.Debug|x86.Build.0 = Debug|Win32
		{1029B401-D962-4A6D-A97F-1E16CF116EF4}.Release|Any CPU.ActiveCfg = Release|Win32
		{1029B401-D962-4A6D-A97F-1E16CF116EF4}.Release|x64.ActiveCfg = Release|x64
		{1029B401-D962-4A6D-A97F-1E16CF116EF4}.Release|x64.Build.0 = Release|x64
		{1029B401-D962-4A6D-A97F-1E16CF116EF4}.Release|x86.ActiveCfg = Release|Win32
		{1029B401-D962-4A6D-A97F-1E16CF116EF4}.Release|x86.Build.0 = Release|Win32
		{007E013E-7A34-47F4-A3F1-82ACABFE901C}.Debug|Any CPU.ActiveCfg = Debug|Win32
		{007E013E-7A34-47F4-A3F1-82ACABFE901C}.Debug|x64.ActiveCfg = Debug|x64
		{007E013E-7A34-47F4-A3F1-82ACABFE901C}.Debug|x64.Build.0 = Debug|x64
		{007E013E-7A34-47F4-A3F1-82ACABFE901C}.Debug|x86.ActiveCfg = Debug|Win32
		{007E013E-7A34-47F4-A3F1-82ACABFE901C}.Debug|x86.Build.0 = Debug|Win32
		{007E013E-7A34-47F4-A3F1-82ACABFE901C}.Release|Any CPU.ActiveCfg = Release|Win32
		{007E013E-7A34-47F4-A3F1-82ACABFE901C}.Release|x64.ActiveCfg = Release|x64
		{007E013E-7A34-47F4-A3F1-82ACABFE901C}.Release|x64.Build.0 = Release|x64
		{007E013E-7A34-47F4-A3F1-82ACABFE901C}.Release|x86.ActiveCfg = Release|Win32
		{007E013E-7A34-47F4-A3F1-82ACABFE901C}.Release|x86.Build.0 = Release|Win32
	EndGlobalSection
	GlobalSection(SolutionProperties) = preSolution
		HideSolutionNode = FALSE
	EndGlobalSection
EndGlobal
